// !$*UTF8*$!
{
	archiveVersion = 1;
	classes = {
	};
	objectVersion = 51;
	objects = {

/* Begin PBXBuildFile section */
		522E2DD287316ED66F4856F1 /* Pods_PhotoSearch.framework in Frameworks */ = {isa = PBXBuildFile; fileRef = E07B9E254B100C2784C016AA /* Pods_PhotoSearch.framework */; };
		6B64C9332653707D00F8DB1A /* AppDelegate.swift in Sources */ = {isa = PBXBuildFile; fileRef = 6B64C9322653707D00F8DB1A /* AppDelegate.swift */; };
		6B64C9352653707D00F8DB1A /* SceneDelegate.swift in Sources */ = {isa = PBXBuildFile; fileRef = 6B64C9342653707D00F8DB1A /* SceneDelegate.swift */; };
		6B64C9372653707D00F8DB1A /* ViewController.swift in Sources */ = {isa = PBXBuildFile; fileRef = 6B64C9362653707D00F8DB1A /* ViewController.swift */; };
		6B64C93C2653707F00F8DB1A /* Assets.xcassets in Resources */ = {isa = PBXBuildFile; fileRef = 6B64C93B2653707F00F8DB1A /* Assets.xcassets */; };
		6B64C93F2653707F00F8DB1A /* LaunchScreen.storyboard in Resources */ = {isa = PBXBuildFile; fileRef = 6B64C93D2653707F00F8DB1A /* LaunchScreen.storyboard */; };
		6B64C9482653726500F8DB1A /* APICaller.swift in Sources */ = {isa = PBXBuildFile; fileRef = 6B64C9472653726500F8DB1A /* APICaller.swift */; };
		6B64C94D265376A400F8DB1A /* APIResponse.swift in Sources */ = {isa = PBXBuildFile; fileRef = 6B64C94C265376A400F8DB1A /* APIResponse.swift */; };
		6B64C9502653853F00F8DB1A /* PhotosCell.swift in Sources */ = {isa = PBXBuildFile; fileRef = 6B64C94F2653853F00F8DB1A /* PhotosCell.swift */; };
		6BAED7C22653958B00F85256 /* extension.swift in Sources */ = {isa = PBXBuildFile; fileRef = 6BAED7C12653958B00F85256 /* extension.swift */; };
/* End PBXBuildFile section */

/* Begin PBXFileReference section */
		5EF74359955F31B1C68C0494 /* Pods-PhotoSearch.debug.xcconfig */ = {isa = PBXFileReference; includeInIndex = 1; lastKnownFileType = text.xcconfig; name = "Pods-PhotoSearch.debug.xcconfig"; path = "Target Support Files/Pods-PhotoSearch/Pods-PhotoSearch.debug.xcconfig"; sourceTree = "<group>"; };
		6B64C92F2653707D00F8DB1A /* PhotoSearch.app */ = {isa = PBXFileReference; explicitFileType = wrapper.application; includeInIndex = 0; path = PhotoSearch.app; sourceTree = BUILT_PRODUCTS_DIR; };
		6B64C9322653707D00F8DB1A /* AppDelegate.swift */ = {isa = PBXFileReference; lastKnownFileType = sourcecode.swift; path = AppDelegate.swift; sourceTree = "<group>"; };
		6B64C9342653707D00F8DB1A /* SceneDelegate.swift */ = {isa = PBXFileReference; lastKnownFileType = sourcecode.swift; path = SceneDelegate.swift; sourceTree = "<group>"; };
		6B64C9362653707D00F8DB1A /* ViewController.swift */ = {isa = PBXFileReference; lastKnownFileType = sourcecode.swift; path = ViewController.swift; sourceTree = "<group>"; };
		6B64C93B2653707F00F8DB1A /* Assets.xcassets */ = {isa = PBXFileReference; lastKnownFileType = folder.assetcatalog; path = Assets.xcassets; sourceTree = "<group>"; };
		6B64C93E2653707F00F8DB1A /* Base */ = {isa = PBXFileReference; lastKnownFileType = file.storyboard; name = Base; path = Base.lproj/LaunchScreen.storyboard; sourceTree = "<group>"; };
		6B64C9402653707F00F8DB1A /* Info.plist */ = {isa = PBXFileReference; lastKnownFileType = text.plist.xml; path = Info.plist; sourceTree = "<group>"; };
		6B64C9472653726500F8DB1A /* APICaller.swift */ = {isa = PBXFileReference; lastKnownFileType = sourcecode.swift; path = APICaller.swift; sourceTree = "<group>"; };
		6B64C94C265376A400F8DB1A /* APIResponse.swift */ = {isa = PBXFileReference; lastKnownFileType = sourcecode.swift; path = APIResponse.swift; sourceTree = "<group>"; };
		6B64C94F2653853F00F8DB1A /* PhotosCell.swift */ = {isa = PBXFileReference; lastKnownFileType = sourcecode.swift; path = PhotosCell.swift; sourceTree = "<group>"; };
		6BAED7C12653958B00F85256 /* extension.swift */ = {isa = PBXFileReference; lastKnownFileType = sourcecode.swift; path = extension.swift; sourceTree = "<group>"; };
		9EF6FCD8CE401AA4E92F4B8F /* Pods-PhotoSearch.release.xcconfig */ = {isa = PBXFileReference; includeInIndex = 1; lastKnownFileType = text.xcconfig; name = "Pods-PhotoSearch.release.xcconfig"; path = "Target Support Files/Pods-PhotoSearch/Pods-PhotoSearch.release.xcconfig"; sourceTree = "<group>"; };
		E07B9E254B100C2784C016AA /* Pods_PhotoSearch.framework */ = {isa = PBXFileReference; explicitFileType = wrapper.framework; includeInIndex = 0; path = Pods_PhotoSearch.framework; sourceTree = BUILT_PRODUCTS_DIR; };
/* End PBXFileReference section */

/* Begin PBXFrameworksBuildPhase section */
		6B64C92C2653707D00F8DB1A /* Frameworks */ = {
			isa = PBXFrameworksBuildPhase;
			buildActionMask = 2147483647;
			files = (
				522E2DD287316ED66F4856F1 /* Pods_PhotoSearch.framework in Frameworks */,
			);
			runOnlyForDeploymentPostprocessing = 0;
		};
/* End PBXFrameworksBuildPhase section */

/* Begin PBXGroup section */
		6B64C9262653707D00F8DB1A = {
			isa = PBXGroup;
			children = (
				6B64C9312653707D00F8DB1A /* PhotoSearch */,
				6B64C9302653707D00F8DB1A /* Products */,
				8AAEB15557331EAB17A343EA /* Pods */,
				E37C91F4F0C61C99A735E7AC /* Frameworks */,
			);
			sourceTree = "<group>";
		};
		6B64C9302653707D00F8DB1A /* Products */ = {
			isa = PBXGroup;
			children = (
				6B64C92F2653707D00F8DB1A /* PhotoSearch.app */,
			);
			name = Products;
			sourceTree = "<group>";
		};
		6B64C9312653707D00F8DB1A /* PhotoSearch */ = {
			isa = PBXGroup;
			children = (
				6B64C94E2653852B00F8DB1A /* View */,
				6B64C94B2653768700F8DB1A /* Model */,
				6B64C9462653725A00F8DB1A /* API */,
				6B64C9322653707D00F8DB1A /* AppDelegate.swift */,
				6B64C9342653707D00F8DB1A /* SceneDelegate.swift */,
				6B64C9362653707D00F8DB1A /* ViewController.swift */,
				6B64C93B2653707F00F8DB1A /* Assets.xcassets */,
				6B64C93D2653707F00F8DB1A /* LaunchScreen.storyboard */,
				6B64C9402653707F00F8DB1A /* Info.plist */,
				6BAED7C12653958B00F85256 /* extension.swift */,
			);
			path = PhotoSearch;
			sourceTree = "<group>";
		};
		6B64C9462653725A00F8DB1A /* API */ = {
			isa = PBXGroup;
			children = (
				6B64C9472653726500F8DB1A /* APICaller.swift */,
			);
			path = API;
			sourceTree = "<group>";
		};
		6B64C94B2653768700F8DB1A /* Model */ = {
			isa = PBXGroup;
			children = (
				6B64C94C265376A400F8DB1A /* APIResponse.swift */,
			);
			path = Model;
			sourceTree = "<group>";
		};
		6B64C94E2653852B00F8DB1A /* View */ = {
			isa = PBXGroup;
			children = (
				6B64C94F2653853F00F8DB1A /* PhotosCell.swift */,
			);
			path = View;
			sourceTree = "<group>";
		};
		8AAEB15557331EAB17A343EA /* Pods */ = {
			isa = PBXGroup;
			children = (
				5EF74359955F31B1C68C0494 /* Pods-PhotoSearch.debug.xcconfig */,
				9EF6FCD8CE401AA4E92F4B8F /* Pods-PhotoSearch.release.xcconfig */,
			);
			path = Pods;
			sourceTree = "<group>";
		};
		E37C91F4F0C61C99A735E7AC /* Frameworks */ = {
			isa = PBXGroup;
			children = (
				E07B9E254B100C2784C016AA /* Pods_PhotoSearch.framework */,
			);
			name = Frameworks;
			sourceTree = "<group>";
		};
/* End PBXGroup section */

/* Begin PBXNativeTarget section */
		6B64C92E2653707D00F8DB1A /* PhotoSearch */ = {
			isa = PBXNativeTarget;
			buildConfigurationList = 6B64C9432653707F00F8DB1A /* Build configuration list for PBXNativeTarget "PhotoSearch" */;
			buildPhases = (
				593EB0DCBD02DA800114C45A /* [CP] Check Pods Manifest.lock */,
				6B64C92B2653707D00F8DB1A /* Sources */,
				6B64C92C2653707D00F8DB1A /* Frameworks */,
				6B64C92D2653707D00F8DB1A /* Resources */,
				F061C0E48636996C49B5DB8F /* [CP] Embed Pods Frameworks */,
			);
			buildRules = (
			);
			dependencies = (
			);
			name = PhotoSearch;
			productName = PhotoSearch;
			productReference = 6B64C92F2653707D00F8DB1A /* PhotoSearch.app */;
			productType = "com.apple.product-type.application";
		};
/* End PBXNativeTarget section */

/* Begin PBXProject section */
		6B64C9272653707D00F8DB1A /* Project object */ = {
			isa = PBXProject;
			attributes = {
				LastSwiftUpdateCheck = 1250;
				LastUpgradeCheck = 1250;
				TargetAttributes = {
					6B64C92E2653707D00F8DB1A = {
						CreatedOnToolsVersion = 12.5;
					};
				};
			};
			buildConfigurationList = 6B64C92A2653707D00F8DB1A /* Build configuration list for PBXProject "PhotoSearch" */;
			compatibilityVersion = "Xcode 9.3";
			developmentRegion = en;
			hasScannedForEncodings = 0;
			knownRegions = (
				en,
				Base,
			);
			mainGroup = 6B64C9262653707D00F8DB1A;
			productRefGroup = 6B64C9302653707D00F8DB1A /* Products */;
			projectDirPath = "";
			projectRoot = "";
			targets = (
				6B64C92E2653707D00F8DB1A /* PhotoSearch */,
			);
		};
/* End PBXProject section */

/* Begin PBXResourcesBuildPhase section */
		6B64C92D2653707D00F8DB1A /* Resources */ = {
			isa = PBXResourcesBuildPhase;
			buildActionMask = 2147483647;
			files = (
				6B64C93F2653707F00F8DB1A /* LaunchScreen.storyboard in Resources */,
				6B64C93C2653707F00F8DB1A /* Assets.xcassets in Resources */,
			);
			runOnlyForDeploymentPostprocessing = 0;
		};
/* End PBXResourcesBuildPhase section */

/* Begin PBXShellScriptBuildPhase section */
		593EB0DCBD02DA800114C45A /* [CP] Check Pods Manifest.lock */ = {
			isa = PBXShellScriptBuildPhase;
			buildActionMask = 2147483647;
			files = (
			);
			inputFileListPaths = (
			);
			inputPaths = (
				"${PODS_PODFILE_DIR_PATH}/Podfile.lock",
				"${PODS_ROOT}/Manifest.lock",
			);
			name = "[CP] Check Pods Manifest.lock";
			outputFileListPaths = (
			);
			outputPaths = (
				"$(DERIVED_FILE_DIR)/Pods-PhotoSearch-checkManifestLockResult.txt",
			);
			runOnlyForDeploymentPostprocessing = 0;
			shellPath = /bin/sh;
			shellScript = "diff \"${PODS_PODFILE_DIR_PATH}/Podfile.lock\" \"${PODS_ROOT}/Manifest.lock\" > /dev/null\nif [ $? != 0 ] ; then\n    # print error to STDERR\n    echo \"error: The sandbox is not in sync with the Podfile.lock. Run 'pod install' or update your CocoaPods installation.\" >&2\n    exit 1\nfi\n# This output is used by Xcode 'outputs' to avoid re-running this script phase.\necho \"SUCCESS\" > \"${SCRIPT_OUTPUT_FILE_0}\"\n";
			showEnvVarsInLog = 0;
		};
		F061C0E48636996C49B5DB8F /* [CP] Embed Pods Frameworks */ = {
			isa = PBXShellScriptBuildPhase;
			buildActionMask = 2147483647;
			files = (
			);
			inputFileListPaths = (
				"${PODS_ROOT}/Target Support Files/Pods-PhotoSearch/Pods-PhotoSearch-frameworks-${CONFIGURATION}-input-files.xcfilelist",
			);
			name = "[CP] Embed Pods Frameworks";
			outputFileListPaths = (
				"${PODS_ROOT}/Target Support Files/Pods-PhotoSearch/Pods-PhotoSearch-frameworks-${CONFIGURATION}-output-files.xcfilelist",
			);
			runOnlyForDeploymentPostprocessing = 0;
			shellPath = /bin/sh;
			shellScript = "\"${PODS_ROOT}/Target Support Files/Pods-PhotoSearch/Pods-PhotoSearch-frameworks.sh\"\n";
			showEnvVarsInLog = 0;
		};
/* End PBXShellScriptBuildPhase section */

/* Begin PBXSourcesBuildPhase section */
		6B64C92B2653707D00F8DB1A /* Sources */ = {
			isa = PBXSourcesBuildPhase;
			buildActionMask = 2147483647;
			files = (
				6B64C9372653707D00F8DB1A /* ViewController.swift in Sources */,
				6BAED7C22653958B00F85256 /* extension.swift in Sources */,
				6B64C94D265376A400F8DB1A /* APIResponse.swift in Sources */,
				6B64C9502653853F00F8DB1A /* PhotosCell.swift in Sources */,
				6B64C9332653707D00F8DB1A /* AppDelegate.swift in Sources */,
				6B64C9352653707D00F8DB1A /* SceneDelegate.swift in Sources */,
				6B64C9482653726500F8DB1A /* APICaller.swift in Sources */,
			);
			runOnlyForDeploymentPostprocessing = 0;
		};
/* End PBXSourcesBuildPhase section */

/* Begin PBXVariantGroup section */
		6B64C93D2653707F00F8DB1A /* LaunchScreen.storyboard */ = {
			isa = PBXVariantGroup;
			children = (
				6B64C93E2653707F00F8DB1A /* Base */,
			);
			name = LaunchScreen.storyboard;
			sourceTree = "<group>";
		};
/* End PBXVariantGroup section */

/* Begin XCBuildConfiguration section */
		6B64C9412653707F00F8DB1A /* Debug */ = {
			isa = XCBuildConfiguration;
			buildSettings = {
				ALWAYS_SEARCH_USER_PATHS = NO;
				CLANG_ANALYZER_NONNULL = YES;
				CLANG_ANALYZER_NUMBER_OBJECT_CONVERSION = YES_AGGRESSIVE;
				CLANG_CXX_LANGUAGE_STANDARD = "gnu++14";
				CLANG_CXX_LIBRARY = "libc++";
				CLANG_ENABLE_MODULES = YES;
				CLANG_ENABLE_OBJC_ARC = YES;
				CLANG_ENABLE_OBJC_WEAK = YES;
				CLANG_WARN_BLOCK_CAPTURE_AUTORELEASING = YES;
				CLANG_WARN_BOOL_CONVERSION = YES;
				CLANG_WARN_COMMA = YES;
				CLANG_WARN_CONSTANT_CONVERSION = YES;
				CLANG_WARN_DEPRECATED_OBJC_IMPLEMENTATIONS = YES;
				CLANG_WARN_DIRECT_OBJC_ISA_USAGE = YES_ERROR;
				CLANG_WARN_DOCUMENTATION_COMMENTS = YES;
				CLANG_WARN_EMPTY_BODY = YES;
				CLANG_WARN_ENUM_CONVERSION = YES;
				CLANG_WARN_INFINITE_RECURSION = YES;
				CLANG_WARN_INT_CONVERSION = YES;
				CLANG_WARN_NON_LITERAL_NULL_CONVERSION = YES;
				CLANG_WARN_OBJC_IMPLICIT_RETAIN_SELF = YES;
				CLANG_WARN_OBJC_LITERAL_CONVERSION = YES;
				CLANG_WARN_OBJC_ROOT_CLASS = YES_ERROR;
				CLANG_WARN_QUOTED_INCLUDE_IN_FRAMEWORK_HEADER = YES;
				CLANG_WARN_RANGE_LOOP_ANALYSIS = YES;
				CLANG_WARN_STRICT_PROTOTYPES = YES;
				CLANG_WARN_SUSPICIOUS_MOVE = YES;
				CLANG_WARN_UNGUARDED_AVAILABILITY = YES_AGGRESSIVE;
				CLANG_WARN_UNREACHABLE_CODE = YES;
				CLANG_WARN__DUPLICATE_METHOD_MATCH = YES;
				COPY_PHASE_STRIP = NO;
				DEBUG_INFORMATION_FORMAT = dwarf;
				ENABLE_STRICT_OBJC_MSGSEND = YES;
				ENABLE_TESTABILITY = YES;
				GCC_C_LANGUAGE_STANDARD = gnu11;
				GCC_DYNAMIC_NO_PIC = NO;
				GCC_NO_COMMON_BLOCKS = YES;
				GCC_OPTIMIZATION_LEVEL = 0;
				GCC_PREPROCESSOR_DEFINITIONS = (
					"DEBUG=1",
					"$(inherited)",
				);
				GCC_WARN_64_TO_32_BIT_CONVERSION = YES;
				GCC_WARN_ABOUT_RETURN_TYPE = YES_ERROR;
				GCC_WARN_UNDECLARED_SELECTOR = YES;
				GCC_WARN_UNINITIALIZED_AUTOS = YES_AGGRESSIVE;
				GCC_WARN_UNUSED_FUNCTION = YES;
				GCC_WARN_UNUSED_VARIABLE = YES;
				IPHONEOS_DEPLOYMENT_TARGET = 14.5;
				MTL_ENABLE_DEBUG_INFO = INCLUDE_SOURCE;
				MTL_FAST_MATH = YES;
				ONLY_ACTIVE_ARCH = YES;
				SDKROOT = iphoneos;
				SWIFT_ACTIVE_COMPILATION_CONDITIONS = DEBUG;
				SWIFT_OPTIMIZATION_LEVEL = "-Onone";
			};
			name = Debug;
		};
		6B64C9422653707F00F8DB1A /* Release */ = {
			isa = XCBuildConfiguration;
			buildSettings = {
				ALWAYS_SEARCH_USER_PATHS = NO;
				CLANG_ANALYZER_NONNULL = YES;
				CLANG_ANALYZER_NUMBER_OBJECT_CONVERSION = YES_AGGRESSIVE;
				CLANG_CXX_LANGUAGE_STANDARD = "gnu++14";
				CLANG_CXX_LIBRARY = "libc++";
				CLANG_ENABLE_MODULES = YES;
				CLANG_ENABLE_OBJC_ARC = YES;
				CLANG_ENABLE_OBJC_WEAK = YES;
				CLANG_WARN_BLOCK_CAPTURE_AUTORELEASING = YES;
				CLANG_WARN_BOOL_CONVERSION = YES;
				CLANG_WARN_COMMA = YES;
				CLANG_WARN_CONSTANT_CONVERSION = YES;
				CLANG_WARN_DEPRECATED_OBJC_IMPLEMENTATIONS = YES;
				CLANG_WARN_DIRECT_OBJC_ISA_USAGE = YES_ERROR;
				CLANG_WARN_DOCUMENTATION_COMMENTS = YES;
				CLANG_WARN_EMPTY_BODY = YES;
				CLANG_WARN_ENUM_CONVERSION = YES;
				CLANG_WARN_INFINITE_RECURSION = YES;
				CLANG_WARN_INT_CONVERSION = YES;
				CLANG_WARN_NON_LITERAL_NULL_CONVERSION = YES;
				CLANG_WARN_OBJC_IMPLICIT_RETAIN_SELF = YES;
				CLANG_WARN_OBJC_LITERAL_CONVERSION = YES;
				CLANG_WARN_OBJC_ROOT_CLASS = YES_ERROR;
				CLANG_WARN_QUOTED_INCLUDE_IN_FRAMEWORK_HEADER = YES;
				CLANG_WARN_RANGE_LOOP_ANALYSIS = YES;
				CLANG_WARN_STRICT_PROTOTYPES = YES;
				CLANG_WARN_SUSPICIOUS_MOVE = YES;
				CLANG_WARN_UNGUARDED_AVAILABILITY = YES_AGGRESSIVE;
				CLANG_WARN_UNREACHABLE_CODE = YES;
				CLANG_WARN__DUPLICATE_METHOD_MATCH = YES;
				COPY_PHASE_STRIP = NO;
				DEBUG_INFORMATION_FORMAT = "dwarf-with-dsym";
				ENABLE_NS_ASSERTIONS = NO;
				ENABLE_STRICT_OBJC_MSGSEND = YES;
				GCC_C_LANGUAGE_STANDARD = gnu11;
				GCC_NO_COMMON_BLOCKS = YES;
				GCC_WARN_64_TO_32_BIT_CONVERSION = YES;
				GCC_WARN_ABOUT_RETURN_TYPE = YES_ERROR;
				GCC_WARN_UNDECLARED_SELECTOR = YES;
				GCC_WARN_UNINITIALIZED_AUTOS = YES_AGGRESSIVE;
				GCC_WARN_UNUSED_FUNCTION = YES;
				GCC_WARN_UNUSED_VARIABLE = YES;
				IPHONEOS_DEPLOYMENT_TARGET = 14.5;
				MTL_ENABLE_DEBUG_INFO = NO;
				MTL_FAST_MATH = YES;
				SDKROOT = iphoneos;
				SWIFT_COMPILATION_MODE = wholemodule;
				SWIFT_OPTIMIZATION_LEVEL = "-O";
				VALIDATE_PRODUCT = YES;
			};
			name = Release;
		};
		6B64C9442653707F00F8DB1A /* Debug */ = {
			isa = XCBuildConfiguration;
			baseConfigurationReference = 5EF74359955F31B1C68C0494 /* Pods-PhotoSearch.debug.xcconfig */;
			buildSettings = {
				ASSETCATALOG_COMPILER_APPICON_NAME = AppIcon;
				ASSETCATALOG_COMPILER_GLOBAL_ACCENT_COLOR_NAME = AccentColor;
				CODE_SIGN_STYLE = Automatic;
				DEVELOPMENT_TEAM = A6SVV7LMGJ;
				INFOPLIST_FILE = PhotoSearch/Info.plist;
				LD_RUNPATH_SEARCH_PATHS = (
					"$(inherited)",
					"@executable_path/Frameworks",
				);
				PRODUCT_BUNDLE_IDENTIFIER = edolorenza.codes.PhotoSearch;
				PRODUCT_NAME = "$(TARGET_NAME)";
				SWIFT_VERSION = 5.0;
				TARGETED_DEVICE_FAMILY = "1,2";
			};
			name = Debug;
		};
		6B64C9452653707F00F8DB1A /* Release */ = {
			isa = XCBuildConfiguration;
			baseConfigurationReference = 9EF6FCD8CE401AA4E92F4B8F /* Pods-PhotoSearch.release.xcconfig */;
			buildSettings = {
				ASSETCATALOG_COMPILER_APPICON_NAME = AppIcon;
				ASSETCATALOG_COMPILER_GLOBAL_ACCENT_COLOR_NAME = AccentColor;
				CODE_SIGN_STYLE = Automatic;
				DEVELOPMENT_TEAM = A6SVV7LMGJ;
				INFOPLIST_FILE = PhotoSearch/Info.plist;
				LD_RUNPATH_SEARCH_PATHS = (
					"$(inherited)",
					"@executable_path/Frameworks",
				);
				PRODUCT_BUNDLE_IDENTIFIER = edolorenza.codes.PhotoSearch;
				PRODUCT_NAME = "$(TARGET_NAME)";
				SWIFT_VERSION = 5.0;
				TARGETED_DEVICE_FAMILY = "1,2";
			};
			name = Release;
		};
/* End XCBuildConfiguration section */

/* Begin XCConfigurationList section */
		6B64C92A2653707D00F8DB1A /* Build configuration list for PBXProject "PhotoSearch" */ = {
			isa = XCConfigurationList;
			buildConfigurations = (
				6B64C9412653707F00F8DB1A /* Debug */,
				6B64C9422653707F00F8DB1A /* Release */,
			);
			defaultConfigurationIsVisible = 0;
			defaultConfigurationName = Release;
		};
		6B64C9432653707F00F8DB1A /* Build configuration list for PBXNativeTarget "PhotoSearch" */ = {
			isa = XCConfigurationList;
			buildConfigurations = (
				6B64C9442653707F00F8DB1A /* Debug */,
				6B64C9452653707F00F8DB1A /* Release */,
			);
			defaultConfigurationIsVisible = 0;
			defaultConfigurationName = Release;
		};
/* End XCConfigurationList section */
	};
	rootObject = 6B64C9272653707D00F8DB1A /* Project object */;
}
